
Microsoft Visual Studio Solution File, Format Version 12.00
# Visual Studio 15
VisualStudioVersion = 15.0.28307.102
MinimumVisualStudioVersion = 10.0.40219.1
Project("{FAE04EC0-301F-11D3-BF4B-00C04F79EFBC}") = "HouseBuild", "HouseBuild\HouseBuild.csproj", "{15CB4355-8313-4912-9079-48196AAE45BB}"
EndProject
Global
	GlobalSection(SolutionConfigurationPlatforms) = preSolution
		Debug|Any CPU = Debug|Any CPU
		Release|Any CPU = Release|Any CPU
	EndGlobalSection
	GlobalSection(ProjectConfigurationPlatforms) = postSolution
		{15CB4355-8313-4912-9079-48196AAE45BB}.Debug|Any CPU.ActiveCfg = Debug|Any CPU
		{15CB4355-8313-4912-9079-48196AAE45BB}.Debug|Any CPU.Build.0 = Debug|Any CPU
		{15CB4355-8313-4912-9079-48196AAE45BB}.Release|Any CPU.ActiveCfg = Release|Any CPU
		{15CB4355-8313-4912-9079-48196AAE45BB}.Release|Any CPU.Build.0 = Release|Any CPU
	EndGlobalSection
	GlobalSection(SolutionProperties) = preSolution
		HideSolutionNode = FALSE
	EndGlobalSection
	GlobalSection(ExtensibilityGlobals) = postSolution
		SolutionGuid = {80053941-14E1-4922-8FBE-89DE36A37FF6}
	EndGlobalSection
EndGlobal
